// !$*UTF8*$!
{
	archiveVersion = 1;
	classes = {
	};
	objectVersion = 55;
	objects = {

/* Begin PBXBuildFile section */
		6438975F288F6F8F0040B5CB /* ViewResponse.swift in Sources */ = {isa = PBXBuildFile; fileRef = 6438975E288F6F8F0040B5CB /* ViewResponse.swift */; };
		64389763288F874C0040B5CB /* ErrorView.swift in Sources */ = {isa = PBXBuildFile; fileRef = 64389762288F874C0040B5CB /* ErrorView.swift */; };
		64389765288F88A00040B5CB /* LoadingView.swift in Sources */ = {isa = PBXBuildFile; fileRef = 64389764288F88A00040B5CB /* LoadingView.swift */; };
		6438976C288F8CE50040B5CB /* DefaultButtonStyle.swift in Sources */ = {isa = PBXBuildFile; fileRef = 6438976B288F8CE50040B5CB /* DefaultButtonStyle.swift */; };
		6438976E288F90CB0040B5CB /* RetryButtonStyle.swift in Sources */ = {isa = PBXBuildFile; fileRef = 6438976D288F90CB0040B5CB /* RetryButtonStyle.swift */; };
		64389770288F938C0040B5CB /* WelcomeView.swift in Sources */ = {isa = PBXBuildFile; fileRef = 6438976F288F938C0040B5CB /* WelcomeView.swift */; };
		64389772288F9DF40040B5CB /* KeyboardContentView.swift in Sources */ = {isa = PBXBuildFile; fileRef = 64389771288F9DF40040B5CB /* KeyboardContentView.swift */; };
		64389775288FA9BD0040B5CB /* GetContentUseCase.swift in Sources */ = {isa = PBXBuildFile; fileRef = 64389774288FA9BD0040B5CB /* GetContentUseCase.swift */; };
		6469ECC8288F40E400AD6838 /* DefaultKeyboardViewModel.swift in Sources */ = {isa = PBXBuildFile; fileRef = 6469ECC6288F3FB600AD6838 /* DefaultKeyboardViewModel.swift */; };
		6469ECC9288F40E600AD6838 /* KeyboardViewModel.swift in Sources */ = {isa = PBXBuildFile; fileRef = 6469ECC4288F3E6900AD6838 /* KeyboardViewModel.swift */; };
		6469ECCC288F413E00AD6838 /* KeyboardFactory.swift in Sources */ = {isa = PBXBuildFile; fileRef = 6469ECCA288F411E00AD6838 /* KeyboardFactory.swift */; };
		6469ECD6288F476B00AD6838 /* KeyboardContent.swift in Sources */ = {isa = PBXBuildFile; fileRef = 6469ECD5288F476B00AD6838 /* KeyboardContent.swift */; };
		6469ECD7288F47E300AD6838 /* KeyboardContent.swift in Sources */ = {isa = PBXBuildFile; fileRef = 6469ECD5288F476B00AD6838 /* KeyboardContent.swift */; };
		6469ECDC288F4DAC00AD6838 /* KeyboardRepository.swift in Sources */ = {isa = PBXBuildFile; fileRef = 6469ECDA288F4CFD00AD6838 /* KeyboardRepository.swift */; };
		6469ECE1288F4EDE00AD6838 /* KeyboardDataRepository.swift in Sources */ = {isa = PBXBuildFile; fileRef = 6469ECDF288F4DFD00AD6838 /* KeyboardDataRepository.swift */; };
		6469ECE2288F4F0700AD6838 /* NetworkEngineRouter.swift in Sources */ = {isa = PBXBuildFile; fileRef = 64A1B662288D0E8D00EF2F12 /* NetworkEngineRouter.swift */; };
		6469ECE3288F4F0F00AD6838 /* EndpointTargetType.swift in Sources */ = {isa = PBXBuildFile; fileRef = 64A1B65F288D026B00EF2F12 /* EndpointTargetType.swift */; };
		6469ECE4288F4F1F00AD6838 /* HTTPTask.swift in Sources */ = {isa = PBXBuildFile; fileRef = 64A1B654288CED4F00EF2F12 /* HTTPTask.swift */; };
		6469ECE5288F4F2300AD6838 /* HTTPLogger.swift in Sources */ = {isa = PBXBuildFile; fileRef = 64A1B656288CF94200EF2F12 /* HTTPLogger.swift */; };
		6469ECE6288F4F2600AD6838 /* HTTPMethod.swift in Sources */ = {isa = PBXBuildFile; fileRef = 64A1B65D288D020C00EF2F12 /* HTTPMethod.swift */; };
		6469ECE7288F4F3200AD6838 /* KeyboardService.swift in Sources */ = {isa = PBXBuildFile; fileRef = 64A1B665288D0F6100EF2F12 /* KeyboardService.swift */; };
		6469ECE8288F4F4B00AD6838 /* NetworkConstants.swift in Sources */ = {isa = PBXBuildFile; fileRef = 64A1B651288CE70B00EF2F12 /* NetworkConstants.swift */; };
		6469ECEB288F5EA900AD6838 /* HTTPError.swift in Sources */ = {isa = PBXBuildFile; fileRef = 6469ECEA288F5EA900AD6838 /* HTTPError.swift */; };
		64A1B65A288CFDBB00EF2F12 /* URLParameterEncoder.swift in Sources */ = {isa = PBXBuildFile; fileRef = 64A1B659288CFDBB00EF2F12 /* URLParameterEncoder.swift */; };
		64A1B65C288CFDE200EF2F12 /* ParameterEncoding.swift in Sources */ = {isa = PBXBuildFile; fileRef = 64A1B65B288CFDE200EF2F12 /* ParameterEncoding.swift */; };
		A3445BCA28299E0200F25EBC /* keysCustomKeyboardChallengeApp.swift in Sources */ = {isa = PBXBuildFile; fileRef = A3445BC928299E0200F25EBC /* keysCustomKeyboardChallengeApp.swift */; };
		A3445BCC28299E0200F25EBC /* ContentView.swift in Sources */ = {isa = PBXBuildFile; fileRef = A3445BCB28299E0200F25EBC /* ContentView.swift */; };
		A3445BCE28299E0500F25EBC /* Assets.xcassets in Resources */ = {isa = PBXBuildFile; fileRef = A3445BCD28299E0500F25EBC /* Assets.xcassets */; };
		A3445BD128299E0500F25EBC /* Preview Assets.xcassets in Resources */ = {isa = PBXBuildFile; fileRef = A3445BD028299E0500F25EBC /* Preview Assets.xcassets */; };
		A3445BDE282B06EE00F25EBC /* KeyboardViewController.swift in Sources */ = {isa = PBXBuildFile; fileRef = A3445BDD282B06EE00F25EBC /* KeyboardViewController.swift */; };
		A3445BE2282B06EE00F25EBC /* keyboard.appex in Embed App Extensions */ = {isa = PBXBuildFile; fileRef = A3445BDB282B06EE00F25EBC /* keyboard.appex */; settings = {ATTRIBUTES = (RemoveHeadersOnCopy, ); }; };
		A3445BE8282B114400F25EBC /* KeyboardView.swift in Sources */ = {isa = PBXBuildFile; fileRef = A3445BE7282B114400F25EBC /* KeyboardView.swift */; };
/* End PBXBuildFile section */

/* Begin PBXContainerItemProxy section */
		A3445BE0282B06EE00F25EBC /* PBXContainerItemProxy */ = {
			isa = PBXContainerItemProxy;
			containerPortal = A3445BBE28299E0200F25EBC /* Project object */;
			proxyType = 1;
			remoteGlobalIDString = A3445BDA282B06EE00F25EBC;
			remoteInfo = keyboard;
		};
/* End PBXContainerItemProxy section */

/* Begin PBXCopyFilesBuildPhase section */
		A3445BE6282B06EE00F25EBC /* Embed App Extensions */ = {
			isa = PBXCopyFilesBuildPhase;
			buildActionMask = 2147483647;
			dstPath = "";
			dstSubfolderSpec = 13;
			files = (
				A3445BE2282B06EE00F25EBC /* keyboard.appex in Embed App Extensions */,
			);
			name = "Embed App Extensions";
			runOnlyForDeploymentPostprocessing = 0;
		};
/* End PBXCopyFilesBuildPhase section */

/* Begin PBXFileReference section */
		6438975E288F6F8F0040B5CB /* ViewResponse.swift */ = {isa = PBXFileReference; lastKnownFileType = sourcecode.swift; path = ViewResponse.swift; sourceTree = "<group>"; };
		64389762288F874C0040B5CB /* ErrorView.swift */ = {isa = PBXFileReference; lastKnownFileType = sourcecode.swift; path = ErrorView.swift; sourceTree = "<group>"; };
		64389764288F88A00040B5CB /* LoadingView.swift */ = {isa = PBXFileReference; lastKnownFileType = sourcecode.swift; path = LoadingView.swift; sourceTree = "<group>"; };
		6438976B288F8CE50040B5CB /* DefaultButtonStyle.swift */ = {isa = PBXFileReference; lastKnownFileType = sourcecode.swift; path = DefaultButtonStyle.swift; sourceTree = "<group>"; };
		6438976D288F90CB0040B5CB /* RetryButtonStyle.swift */ = {isa = PBXFileReference; lastKnownFileType = sourcecode.swift; path = RetryButtonStyle.swift; sourceTree = "<group>"; };
		6438976F288F938C0040B5CB /* WelcomeView.swift */ = {isa = PBXFileReference; lastKnownFileType = sourcecode.swift; path = WelcomeView.swift; sourceTree = "<group>"; };
		64389771288F9DF40040B5CB /* KeyboardContentView.swift */ = {isa = PBXFileReference; lastKnownFileType = sourcecode.swift; path = KeyboardContentView.swift; sourceTree = "<group>"; };
		64389774288FA9BD0040B5CB /* GetContentUseCase.swift */ = {isa = PBXFileReference; lastKnownFileType = sourcecode.swift; path = GetContentUseCase.swift; sourceTree = "<group>"; };
		6469ECC4288F3E6900AD6838 /* KeyboardViewModel.swift */ = {isa = PBXFileReference; lastKnownFileType = sourcecode.swift; path = KeyboardViewModel.swift; sourceTree = "<group>"; };
		6469ECC6288F3FB600AD6838 /* DefaultKeyboardViewModel.swift */ = {isa = PBXFileReference; lastKnownFileType = sourcecode.swift; path = DefaultKeyboardViewModel.swift; sourceTree = "<group>"; };
		6469ECCA288F411E00AD6838 /* KeyboardFactory.swift */ = {isa = PBXFileReference; lastKnownFileType = sourcecode.swift; path = KeyboardFactory.swift; sourceTree = "<group>"; };
		6469ECD5288F476B00AD6838 /* KeyboardContent.swift */ = {isa = PBXFileReference; lastKnownFileType = sourcecode.swift; path = KeyboardContent.swift; sourceTree = "<group>"; };
		6469ECDA288F4CFD00AD6838 /* KeyboardRepository.swift */ = {isa = PBXFileReference; lastKnownFileType = sourcecode.swift; path = KeyboardRepository.swift; sourceTree = "<group>"; };
		6469ECDF288F4DFD00AD6838 /* KeyboardDataRepository.swift */ = {isa = PBXFileReference; lastKnownFileType = sourcecode.swift; path = KeyboardDataRepository.swift; sourceTree = "<group>"; };
		6469ECEA288F5EA900AD6838 /* HTTPError.swift */ = {isa = PBXFileReference; lastKnownFileType = sourcecode.swift; path = HTTPError.swift; sourceTree = "<group>"; };
		64A1B651288CE70B00EF2F12 /* NetworkConstants.swift */ = {isa = PBXFileReference; lastKnownFileType = sourcecode.swift; path = NetworkConstants.swift; sourceTree = "<group>"; };
		64A1B654288CED4F00EF2F12 /* HTTPTask.swift */ = {isa = PBXFileReference; lastKnownFileType = sourcecode.swift; path = HTTPTask.swift; sourceTree = "<group>"; };
		64A1B656288CF94200EF2F12 /* HTTPLogger.swift */ = {isa = PBXFileReference; lastKnownFileType = sourcecode.swift; path = HTTPLogger.swift; sourceTree = "<group>"; };
		64A1B659288CFDBB00EF2F12 /* URLParameterEncoder.swift */ = {isa = PBXFileReference; lastKnownFileType = sourcecode.swift; path = URLParameterEncoder.swift; sourceTree = "<group>"; };
		64A1B65B288CFDE200EF2F12 /* ParameterEncoding.swift */ = {isa = PBXFileReference; lastKnownFileType = sourcecode.swift; path = ParameterEncoding.swift; sourceTree = "<group>"; };
		64A1B65D288D020C00EF2F12 /* HTTPMethod.swift */ = {isa = PBXFileReference; lastKnownFileType = sourcecode.swift; path = HTTPMethod.swift; sourceTree = "<group>"; };
		64A1B65F288D026B00EF2F12 /* EndpointTargetType.swift */ = {isa = PBXFileReference; lastKnownFileType = sourcecode.swift; path = EndpointTargetType.swift; sourceTree = "<group>"; };
		64A1B662288D0E8D00EF2F12 /* NetworkEngineRouter.swift */ = {isa = PBXFileReference; lastKnownFileType = sourcecode.swift; path = NetworkEngineRouter.swift; sourceTree = "<group>"; };
		64A1B665288D0F6100EF2F12 /* KeyboardService.swift */ = {isa = PBXFileReference; lastKnownFileType = sourcecode.swift; path = KeyboardService.swift; sourceTree = "<group>"; };
		A3445BC628299E0200F25EBC /* keysCustomKeyboardChallenge.app */ = {isa = PBXFileReference; explicitFileType = wrapper.application; includeInIndex = 0; path = keysCustomKeyboardChallenge.app; sourceTree = BUILT_PRODUCTS_DIR; };
		A3445BC928299E0200F25EBC /* keysCustomKeyboardChallengeApp.swift */ = {isa = PBXFileReference; lastKnownFileType = sourcecode.swift; path = keysCustomKeyboardChallengeApp.swift; sourceTree = "<group>"; };
		A3445BCB28299E0200F25EBC /* ContentView.swift */ = {isa = PBXFileReference; lastKnownFileType = sourcecode.swift; path = ContentView.swift; sourceTree = "<group>"; };
		A3445BCD28299E0500F25EBC /* Assets.xcassets */ = {isa = PBXFileReference; lastKnownFileType = folder.assetcatalog; path = Assets.xcassets; sourceTree = "<group>"; };
		A3445BD028299E0500F25EBC /* Preview Assets.xcassets */ = {isa = PBXFileReference; lastKnownFileType = folder.assetcatalog; path = "Preview Assets.xcassets"; sourceTree = "<group>"; };
		A3445BDB282B06EE00F25EBC /* keyboard.appex */ = {isa = PBXFileReference; explicitFileType = "wrapper.app-extension"; includeInIndex = 0; path = keyboard.appex; sourceTree = BUILT_PRODUCTS_DIR; };
		A3445BDD282B06EE00F25EBC /* KeyboardViewController.swift */ = {isa = PBXFileReference; indentWidth = 4; lastKnownFileType = sourcecode.swift; path = KeyboardViewController.swift; sourceTree = "<group>"; tabWidth = 4; };
		A3445BDF282B06EE00F25EBC /* Info.plist */ = {isa = PBXFileReference; lastKnownFileType = text.plist.xml; path = Info.plist; sourceTree = "<group>"; };
		A3445BE7282B114400F25EBC /* KeyboardView.swift */ = {isa = PBXFileReference; indentWidth = 4; lastKnownFileType = sourcecode.swift; path = KeyboardView.swift; sourceTree = "<group>"; tabWidth = 4; };
/* End PBXFileReference section */

/* Begin PBXFrameworksBuildPhase section */
		A3445BC328299E0200F25EBC /* Frameworks */ = {
			isa = PBXFrameworksBuildPhase;
			buildActionMask = 2147483647;
			files = (
			);
			runOnlyForDeploymentPostprocessing = 0;
		};
		A3445BD8282B06EE00F25EBC /* Frameworks */ = {
			isa = PBXFrameworksBuildPhase;
			buildActionMask = 2147483647;
			files = (
			);
			runOnlyForDeploymentPostprocessing = 0;
		};
/* End PBXFrameworksBuildPhase section */

/* Begin PBXGroup section */
		6438975D288F6F800040B5CB /* Utils */ = {
			isa = PBXGroup;
			children = (
				6438975E288F6F8F0040B5CB /* ViewResponse.swift */,
			);
			path = Utils;
			sourceTree = "<group>";
		};
		64389760288F871C0040B5CB /* Presentation */ = {
			isa = PBXGroup;
			children = (
				64A1B64E288CE63900EF2F12 /* Modules */,
				64389761288F87240040B5CB /* Utils */,
			);
			path = Presentation;
			sourceTree = "<group>";
		};
		64389761288F87240040B5CB /* Utils */ = {
			isa = PBXGroup;
			children = (
				6438976A288F8CC20040B5CB /* Style */,
				64389762288F874C0040B5CB /* ErrorView.swift */,
				64389764288F88A00040B5CB /* LoadingView.swift */,
				6438976F288F938C0040B5CB /* WelcomeView.swift */,
			);
			path = Utils;
			sourceTree = "<group>";
		};
		6438976A288F8CC20040B5CB /* Style */ = {
			isa = PBXGroup;
			children = (
				6438976B288F8CE50040B5CB /* DefaultButtonStyle.swift */,
				6438976D288F90CB0040B5CB /* RetryButtonStyle.swift */,
			);
			path = Style;
			sourceTree = "<group>";
		};
		64389773288FA96A0040B5CB /* UseCases */ = {
			isa = PBXGroup;
			children = (
				64389774288FA9BD0040B5CB /* GetContentUseCase.swift */,
			);
			path = UseCases;
			sourceTree = "<group>";
		};
		6469ECC3288F3E5400AD6838 /* ViewModel */ = {
			isa = PBXGroup;
			children = (
				6469ECC4288F3E6900AD6838 /* KeyboardViewModel.swift */,
				6469ECC6288F3FB600AD6838 /* DefaultKeyboardViewModel.swift */,
			);
			path = ViewModel;
			sourceTree = "<group>";
		};
		6469ECCE288F455800AD6838 /* View */ = {
			isa = PBXGroup;
			children = (
				A3445BE7282B114400F25EBC /* KeyboardView.swift */,
				64389771288F9DF40040B5CB /* KeyboardContentView.swift */,
			);
			path = View;
			sourceTree = "<group>";
		};
		6469ECD2288F471700AD6838 /* Domain */ = {
			isa = PBXGroup;
			children = (
				6469ECD8288F4CE100AD6838 /* Interfaces */,
				6469ECD3288F471E00AD6838 /* Entities */,
				64389773288FA96A0040B5CB /* UseCases */,
				6438975D288F6F800040B5CB /* Utils */,
			);
			path = Domain;
			sourceTree = "<group>";
		};
		6469ECD3288F471E00AD6838 /* Entities */ = {
			isa = PBXGroup;
			children = (
				6469ECD4288F472400AD6838 /* Api */,
			);
			path = Entities;
			sourceTree = "<group>";
		};
		6469ECD4288F472400AD6838 /* Api */ = {
			isa = PBXGroup;
			children = (
				6469ECD5288F476B00AD6838 /* KeyboardContent.swift */,
			);
			path = Api;
			sourceTree = "<group>";
		};
		6469ECD8288F4CE100AD6838 /* Interfaces */ = {
			isa = PBXGroup;
			children = (
				6469ECD9288F4CE800AD6838 /* Repositories */,
			);
			path = Interfaces;
			sourceTree = "<group>";
		};
		6469ECD9288F4CE800AD6838 /* Repositories */ = {
			isa = PBXGroup;
			children = (
				6469ECDA288F4CFD00AD6838 /* KeyboardRepository.swift */,
			);
			path = Repositories;
			sourceTree = "<group>";
		};
		6469ECDD288F4DDA00AD6838 /* Data */ = {
			isa = PBXGroup;
			children = (
				6469ECDE288F4DE000AD6838 /* Repositories */,
			);
			path = Data;
			sourceTree = "<group>";
		};
		6469ECDE288F4DE000AD6838 /* Repositories */ = {
			isa = PBXGroup;
			children = (
				6469ECDF288F4DFD00AD6838 /* KeyboardDataRepository.swift */,
			);
			path = Repositories;
			sourceTree = "<group>";
		};
		6469ECE9288F5E9200AD6838 /* Common */ = {
			isa = PBXGroup;
			children = (
				6469ECEA288F5EA900AD6838 /* HTTPError.swift */,
			);
			path = Common;
			sourceTree = "<group>";
		};
		64A1B64D288CE5FE00EF2F12 /* Application */ = {
			isa = PBXGroup;
			children = (
				A3445BC928299E0200F25EBC /* keysCustomKeyboardChallengeApp.swift */,
			);
			path = Application;
			sourceTree = "<group>";
		};
		64A1B64E288CE63900EF2F12 /* Modules */ = {
			isa = PBXGroup;
			children = (
				64A1B668288D116600EF2F12 /* Keyboard */,
			);
			path = Modules;
			sourceTree = "<group>";
		};
		64A1B64F288CE68200EF2F12 /* Networking */ = {
			isa = PBXGroup;
			children = (
				64A1B650288CE6E200EF2F12 /* Constants */,
				64A1B661288D0E7F00EF2F12 /* Engine */,
				64A1B653288CED2800EF2F12 /* Layer */,
				64A1B664288D0F4800EF2F12 /* Services */,
			);
			path = Networking;
			sourceTree = "<group>";
		};
		64A1B650288CE6E200EF2F12 /* Constants */ = {
			isa = PBXGroup;
			children = (
				64A1B651288CE70B00EF2F12 /* NetworkConstants.swift */,
			);
			path = Constants;
			sourceTree = "<group>";
		};
		64A1B653288CED2800EF2F12 /* Layer */ = {
			isa = PBXGroup;
			children = (
				64A1B658288CFDA400EF2F12 /* Encoding */,
				64A1B654288CED4F00EF2F12 /* HTTPTask.swift */,
				64A1B656288CF94200EF2F12 /* HTTPLogger.swift */,
				64A1B65D288D020C00EF2F12 /* HTTPMethod.swift */,
				64A1B65F288D026B00EF2F12 /* EndpointTargetType.swift */,
			);
			path = Layer;
			sourceTree = "<group>";
		};
		64A1B658288CFDA400EF2F12 /* Encoding */ = {
			isa = PBXGroup;
			children = (
				64A1B659288CFDBB00EF2F12 /* URLParameterEncoder.swift */,
				64A1B65B288CFDE200EF2F12 /* ParameterEncoding.swift */,
			);
			path = Encoding;
			sourceTree = "<group>";
		};
		64A1B661288D0E7F00EF2F12 /* Engine */ = {
			isa = PBXGroup;
			children = (
				64A1B662288D0E8D00EF2F12 /* NetworkEngineRouter.swift */,
			);
			path = Engine;
			sourceTree = "<group>";
		};
		64A1B664288D0F4800EF2F12 /* Services */ = {
			isa = PBXGroup;
			children = (
				64A1B665288D0F6100EF2F12 /* KeyboardService.swift */,
			);
			path = Services;
			sourceTree = "<group>";
		};
		64A1B667288D107F00EF2F12 /* Resources */ = {
			isa = PBXGroup;
			children = (
				A3445BDF282B06EE00F25EBC /* Info.plist */,
				A3445BCD28299E0500F25EBC /* Assets.xcassets */,
				A3445BCF28299E0500F25EBC /* Preview Content */,
			);
			path = Resources;
			sourceTree = "<group>";
		};
		64A1B668288D116600EF2F12 /* Keyboard */ = {
			isa = PBXGroup;
			children = (
				6469ECCA288F411E00AD6838 /* KeyboardFactory.swift */,
				A3445BDD282B06EE00F25EBC /* KeyboardViewController.swift */,
				6469ECCE288F455800AD6838 /* View */,
				6469ECC3288F3E5400AD6838 /* ViewModel */,
			);
			path = Keyboard;
			sourceTree = "<group>";
		};
		A3445BBD28299E0200F25EBC = {
			isa = PBXGroup;
			children = (
				A3445BC828299E0200F25EBC /* keysCustomKeyboardChallenge */,
				A3445BC728299E0200F25EBC /* Products */,
			);
			sourceTree = "<group>";
		};
		A3445BC728299E0200F25EBC /* Products */ = {
			isa = PBXGroup;
			children = (
				A3445BC628299E0200F25EBC /* keysCustomKeyboardChallenge.app */,
				A3445BDB282B06EE00F25EBC /* keyboard.appex */,
			);
			name = Products;
			sourceTree = "<group>";
		};
		A3445BC828299E0200F25EBC /* keysCustomKeyboardChallenge */ = {
			isa = PBXGroup;
			children = (
				64A1B64D288CE5FE00EF2F12 /* Application */,
				6469ECE9288F5E9200AD6838 /* Common */,
				6469ECDD288F4DDA00AD6838 /* Data */,
				6469ECD2288F471700AD6838 /* Domain */,
				64A1B64F288CE68200EF2F12 /* Networking */,
				64389760288F871C0040B5CB /* Presentation */,
				64A1B667288D107F00EF2F12 /* Resources */,
				A3445BCB28299E0200F25EBC /* ContentView.swift */,
			);
			path = keysCustomKeyboardChallenge;
			sourceTree = "<group>";
		};
		A3445BCF28299E0500F25EBC /* Preview Content */ = {
			isa = PBXGroup;
			children = (
				A3445BD028299E0500F25EBC /* Preview Assets.xcassets */,
			);
			path = "Preview Content";
			sourceTree = "<group>";
		};
/* End PBXGroup section */

/* Begin PBXNativeTarget section */
		A3445BC528299E0200F25EBC /* keysCustomKeyboardChallenge */ = {
			isa = PBXNativeTarget;
			buildConfigurationList = A3445BD428299E0500F25EBC /* Build configuration list for PBXNativeTarget "keysCustomKeyboardChallenge" */;
			buildPhases = (
				A3445BC228299E0200F25EBC /* Sources */,
				A3445BC328299E0200F25EBC /* Frameworks */,
				A3445BC428299E0200F25EBC /* Resources */,
				A3445BE6282B06EE00F25EBC /* Embed App Extensions */,
			);
			buildRules = (
			);
			dependencies = (
				A3445BE1282B06EE00F25EBC /* PBXTargetDependency */,
			);
			name = keysCustomKeyboardChallenge;
			productName = keysCustomKeyboardChallenge;
			productReference = A3445BC628299E0200F25EBC /* keysCustomKeyboardChallenge.app */;
			productType = "com.apple.product-type.application";
		};
		A3445BDA282B06EE00F25EBC /* keyboard */ = {
			isa = PBXNativeTarget;
			buildConfigurationList = A3445BE3282B06EE00F25EBC /* Build configuration list for PBXNativeTarget "keyboard" */;
			buildPhases = (
				A3445BD7282B06EE00F25EBC /* Sources */,
				A3445BD8282B06EE00F25EBC /* Frameworks */,
				A3445BD9282B06EE00F25EBC /* Resources */,
			);
			buildRules = (
			);
			dependencies = (
			);
			name = keyboard;
			productName = keyboard;
			productReference = A3445BDB282B06EE00F25EBC /* keyboard.appex */;
			productType = "com.apple.product-type.app-extension";
		};
/* End PBXNativeTarget section */

/* Begin PBXProject section */
		A3445BBE28299E0200F25EBC /* Project object */ = {
			isa = PBXProject;
			attributes = {
				BuildIndependentTargetsInParallel = 1;
				LastSwiftUpdateCheck = 1330;
				LastUpgradeCheck = 1330;
				TargetAttributes = {
					A3445BC528299E0200F25EBC = {
						CreatedOnToolsVersion = 13.3.1;
					};
					A3445BDA282B06EE00F25EBC = {
						CreatedOnToolsVersion = 13.3.1;
					};
				};
			};
			buildConfigurationList = A3445BC128299E0200F25EBC /* Build configuration list for PBXProject "keysCustomKeyboardChallenge" */;
			compatibilityVersion = "Xcode 13.0";
			developmentRegion = en;
			hasScannedForEncodings = 0;
			knownRegions = (
				en,
				Base,
			);
			mainGroup = A3445BBD28299E0200F25EBC;
			productRefGroup = A3445BC728299E0200F25EBC /* Products */;
			projectDirPath = "";
			projectRoot = "";
			targets = (
				A3445BC528299E0200F25EBC /* keysCustomKeyboardChallenge */,
				A3445BDA282B06EE00F25EBC /* keyboard */,
			);
		};
/* End PBXProject section */

/* Begin PBXResourcesBuildPhase section */
		A3445BC428299E0200F25EBC /* Resources */ = {
			isa = PBXResourcesBuildPhase;
			buildActionMask = 2147483647;
			files = (
				A3445BD128299E0500F25EBC /* Preview Assets.xcassets in Resources */,
				A3445BCE28299E0500F25EBC /* Assets.xcassets in Resources */,
			);
			runOnlyForDeploymentPostprocessing = 0;
		};
		A3445BD9282B06EE00F25EBC /* Resources */ = {
			isa = PBXResourcesBuildPhase;
			buildActionMask = 2147483647;
			files = (
			);
			runOnlyForDeploymentPostprocessing = 0;
		};
/* End PBXResourcesBuildPhase section */

/* Begin PBXSourcesBuildPhase section */
		A3445BC228299E0200F25EBC /* Sources */ = {
			isa = PBXSourcesBuildPhase;
			buildActionMask = 2147483647;
			files = (
				64A1B65C288CFDE200EF2F12 /* ParameterEncoding.swift in Sources */,
				6469ECD6288F476B00AD6838 /* KeyboardContent.swift in Sources */,
				64A1B65A288CFDBB00EF2F12 /* URLParameterEncoder.swift in Sources */,
				A3445BCC28299E0200F25EBC /* ContentView.swift in Sources */,
				A3445BCA28299E0200F25EBC /* keysCustomKeyboardChallengeApp.swift in Sources */,
			);
			runOnlyForDeploymentPostprocessing = 0;
		};
		A3445BD7282B06EE00F25EBC /* Sources */ = {
			isa = PBXSourcesBuildPhase;
			buildActionMask = 2147483647;
			files = (
				6438975F288F6F8F0040B5CB /* ViewResponse.swift in Sources */,
				6469ECE4288F4F1F00AD6838 /* HTTPTask.swift in Sources */,
				64389763288F874C0040B5CB /* ErrorView.swift in Sources */,
				6469ECE1288F4EDE00AD6838 /* KeyboardDataRepository.swift in Sources */,
				6469ECE6288F4F2600AD6838 /* HTTPMethod.swift in Sources */,
				A3445BE8282B114400F25EBC /* KeyboardView.swift in Sources */,
				6469ECCC288F413E00AD6838 /* KeyboardFactory.swift in Sources */,
				6469ECD7288F47E300AD6838 /* KeyboardContent.swift in Sources */,
				6469ECE7288F4F3200AD6838 /* KeyboardService.swift in Sources */,
				6469ECE3288F4F0F00AD6838 /* EndpointTargetType.swift in Sources */,
				6469ECE8288F4F4B00AD6838 /* NetworkConstants.swift in Sources */,
				6469ECC8288F40E400AD6838 /* DefaultKeyboardViewModel.swift in Sources */,
				6438976C288F8CE50040B5CB /* DefaultButtonStyle.swift in Sources */,
				6469ECE2288F4F0700AD6838 /* NetworkEngineRouter.swift in Sources */,
				64389775288FA9BD0040B5CB /* GetContentUseCase.swift in Sources */,
				64389765288F88A00040B5CB /* LoadingView.swift in Sources */,
				6469ECDC288F4DAC00AD6838 /* KeyboardRepository.swift in Sources */,
				A3445BDE282B06EE00F25EBC /* KeyboardViewController.swift in Sources */,
				64389770288F938C0040B5CB /* WelcomeView.swift in Sources */,
				6438976E288F90CB0040B5CB /* RetryButtonStyle.swift in Sources */,
				64389772288F9DF40040B5CB /* KeyboardContentView.swift in Sources */,
				6469ECC9288F40E600AD6838 /* KeyboardViewModel.swift in Sources */,
				6469ECE5288F4F2300AD6838 /* HTTPLogger.swift in Sources */,
				6469ECEB288F5EA900AD6838 /* HTTPError.swift in Sources */,
			);
			runOnlyForDeploymentPostprocessing = 0;
		};
/* End PBXSourcesBuildPhase section */

/* Begin PBXTargetDependency section */
		A3445BE1282B06EE00F25EBC /* PBXTargetDependency */ = {
			isa = PBXTargetDependency;
			target = A3445BDA282B06EE00F25EBC /* keyboard */;
			targetProxy = A3445BE0282B06EE00F25EBC /* PBXContainerItemProxy */;
		};
/* End PBXTargetDependency section */

/* Begin XCBuildConfiguration section */
		A3445BD228299E0500F25EBC /* Debug */ = {
			isa = XCBuildConfiguration;
			buildSettings = {
				ALWAYS_SEARCH_USER_PATHS = NO;
				CLANG_ANALYZER_NONNULL = YES;
				CLANG_ANALYZER_NUMBER_OBJECT_CONVERSION = YES_AGGRESSIVE;
				CLANG_CXX_LANGUAGE_STANDARD = "gnu++17";
				CLANG_ENABLE_MODULES = YES;
				CLANG_ENABLE_OBJC_ARC = YES;
				CLANG_ENABLE_OBJC_WEAK = YES;
				CLANG_WARN_BLOCK_CAPTURE_AUTORELEASING = YES;
				CLANG_WARN_BOOL_CONVERSION = YES;
				CLANG_WARN_COMMA = YES;
				CLANG_WARN_CONSTANT_CONVERSION = YES;
				CLANG_WARN_DEPRECATED_OBJC_IMPLEMENTATIONS = YES;
				CLANG_WARN_DIRECT_OBJC_ISA_USAGE = YES_ERROR;
				CLANG_WARN_DOCUMENTATION_COMMENTS = YES;
				CLANG_WARN_EMPTY_BODY = YES;
				CLANG_WARN_ENUM_CONVERSION = YES;
				CLANG_WARN_INFINITE_RECURSION = YES;
				CLANG_WARN_INT_CONVERSION = YES;
				CLANG_WARN_NON_LITERAL_NULL_CONVERSION = YES;
				CLANG_WARN_OBJC_IMPLICIT_RETAIN_SELF = YES;
				CLANG_WARN_OBJC_LITERAL_CONVERSION = YES;
				CLANG_WARN_OBJC_ROOT_CLASS = YES_ERROR;
				CLANG_WARN_QUOTED_INCLUDE_IN_FRAMEWORK_HEADER = YES;
				CLANG_WARN_RANGE_LOOP_ANALYSIS = YES;
				CLANG_WARN_STRICT_PROTOTYPES = YES;
				CLANG_WARN_SUSPICIOUS_MOVE = YES;
				CLANG_WARN_UNGUARDED_AVAILABILITY = YES_AGGRESSIVE;
				CLANG_WARN_UNREACHABLE_CODE = YES;
				CLANG_WARN__DUPLICATE_METHOD_MATCH = YES;
				COPY_PHASE_STRIP = NO;
				DEBUG_INFORMATION_FORMAT = dwarf;
				ENABLE_STRICT_OBJC_MSGSEND = YES;
				ENABLE_TESTABILITY = YES;
				GCC_C_LANGUAGE_STANDARD = gnu11;
				GCC_DYNAMIC_NO_PIC = NO;
				GCC_NO_COMMON_BLOCKS = YES;
				GCC_OPTIMIZATION_LEVEL = 0;
				GCC_PREPROCESSOR_DEFINITIONS = (
					"DEBUG=1",
					"$(inherited)",
				);
				GCC_WARN_64_TO_32_BIT_CONVERSION = YES;
				GCC_WARN_ABOUT_RETURN_TYPE = YES_ERROR;
				GCC_WARN_UNDECLARED_SELECTOR = YES;
				GCC_WARN_UNINITIALIZED_AUTOS = YES_AGGRESSIVE;
				GCC_WARN_UNUSED_FUNCTION = YES;
				GCC_WARN_UNUSED_VARIABLE = YES;
				IPHONEOS_DEPLOYMENT_TARGET = 15.4;
				MTL_ENABLE_DEBUG_INFO = INCLUDE_SOURCE;
				MTL_FAST_MATH = YES;
				ONLY_ACTIVE_ARCH = YES;
				SDKROOT = iphoneos;
				SWIFT_ACTIVE_COMPILATION_CONDITIONS = DEBUG;
				SWIFT_OPTIMIZATION_LEVEL = "-Onone";
			};
			name = Debug;
		};
		A3445BD328299E0500F25EBC /* Release */ = {
			isa = XCBuildConfiguration;
			buildSettings = {
				ALWAYS_SEARCH_USER_PATHS = NO;
				CLANG_ANALYZER_NONNULL = YES;
				CLANG_ANALYZER_NUMBER_OBJECT_CONVERSION = YES_AGGRESSIVE;
				CLANG_CXX_LANGUAGE_STANDARD = "gnu++17";
				CLANG_ENABLE_MODULES = YES;
				CLANG_ENABLE_OBJC_ARC = YES;
				CLANG_ENABLE_OBJC_WEAK = YES;
				CLANG_WARN_BLOCK_CAPTURE_AUTORELEASING = YES;
				CLANG_WARN_BOOL_CONVERSION = YES;
				CLANG_WARN_COMMA = YES;
				CLANG_WARN_CONSTANT_CONVERSION = YES;
				CLANG_WARN_DEPRECATED_OBJC_IMPLEMENTATIONS = YES;
				CLANG_WARN_DIRECT_OBJC_ISA_USAGE = YES_ERROR;
				CLANG_WARN_DOCUMENTATION_COMMENTS = YES;
				CLANG_WARN_EMPTY_BODY = YES;
				CLANG_WARN_ENUM_CONVERSION = YES;
				CLANG_WARN_INFINITE_RECURSION = YES;
				CLANG_WARN_INT_CONVERSION = YES;
				CLANG_WARN_NON_LITERAL_NULL_CONVERSION = YES;
				CLANG_WARN_OBJC_IMPLICIT_RETAIN_SELF = YES;
				CLANG_WARN_OBJC_LITERAL_CONVERSION = YES;
				CLANG_WARN_OBJC_ROOT_CLASS = YES_ERROR;
				CLANG_WARN_QUOTED_INCLUDE_IN_FRAMEWORK_HEADER = YES;
				CLANG_WARN_RANGE_LOOP_ANALYSIS = YES;
				CLANG_WARN_STRICT_PROTOTYPES = YES;
				CLANG_WARN_SUSPICIOUS_MOVE = YES;
				CLANG_WARN_UNGUARDED_AVAILABILITY = YES_AGGRESSIVE;
				CLANG_WARN_UNREACHABLE_CODE = YES;
				CLANG_WARN__DUPLICATE_METHOD_MATCH = YES;
				COPY_PHASE_STRIP = NO;
				DEBUG_INFORMATION_FORMAT = "dwarf-with-dsym";
				ENABLE_NS_ASSERTIONS = NO;
				ENABLE_STRICT_OBJC_MSGSEND = YES;
				GCC_C_LANGUAGE_STANDARD = gnu11;
				GCC_NO_COMMON_BLOCKS = YES;
				GCC_WARN_64_TO_32_BIT_CONVERSION = YES;
				GCC_WARN_ABOUT_RETURN_TYPE = YES_ERROR;
				GCC_WARN_UNDECLARED_SELECTOR = YES;
				GCC_WARN_UNINITIALIZED_AUTOS = YES_AGGRESSIVE;
				GCC_WARN_UNUSED_FUNCTION = YES;
				GCC_WARN_UNUSED_VARIABLE = YES;
				IPHONEOS_DEPLOYMENT_TARGET = 15.4;
				MTL_ENABLE_DEBUG_INFO = NO;
				MTL_FAST_MATH = YES;
				SDKROOT = iphoneos;
				SWIFT_COMPILATION_MODE = wholemodule;
				SWIFT_OPTIMIZATION_LEVEL = "-O";
				VALIDATE_PRODUCT = YES;
			};
			name = Release;
		};
		A3445BD528299E0500F25EBC /* Debug */ = {
			isa = XCBuildConfiguration;
			buildSettings = {
				ALWAYS_EMBED_SWIFT_STANDARD_LIBRARIES = YES;
				ASSETCATALOG_COMPILER_APPICON_NAME = AppIcon;
				ASSETCATALOG_COMPILER_GLOBAL_ACCENT_COLOR_NAME = AccentColor;
				CODE_SIGN_STYLE = Automatic;
				CURRENT_PROJECT_VERSION = 1;
				DEVELOPMENT_ASSET_PATHS = "\"keysCustomKeyboardChallenge/Resources/Preview Content\"";
				DEVELOPMENT_TEAM = QB3R75K3D3;
				ENABLE_PREVIEWS = YES;
				GENERATE_INFOPLIST_FILE = YES;
				INFOPLIST_KEY_UIApplicationSceneManifest_Generation = YES;
				INFOPLIST_KEY_UIApplicationSupportsIndirectInputEvents = YES;
				INFOPLIST_KEY_UILaunchScreen_Generation = YES;
				INFOPLIST_KEY_UISupportedInterfaceOrientations_iPad = "UIInterfaceOrientationPortrait UIInterfaceOrientationPortraitUpsideDown UIInterfaceOrientationLandscapeLeft UIInterfaceOrientationLandscapeRight";
				INFOPLIST_KEY_UISupportedInterfaceOrientations_iPhone = "UIInterfaceOrientationPortrait UIInterfaceOrientationLandscapeLeft UIInterfaceOrientationLandscapeRight";
				LD_RUNPATH_SEARCH_PATHS = (
					"$(inherited)",
					"@executable_path/Frameworks",
				);
				MARKETING_VERSION = 1.0;
				PRODUCT_BUNDLE_IDENTIFIER = com.jackkeys.keysCustomKeyboardChallenge;
				PRODUCT_NAME = "$(TARGET_NAME)";
				SWIFT_EMIT_LOC_STRINGS = YES;
				SWIFT_VERSION = 5.0;
				TARGETED_DEVICE_FAMILY = "1,2";
			};
			name = Debug;
		};
		A3445BD628299E0500F25EBC /* Release */ = {
			isa = XCBuildConfiguration;
			buildSettings = {
				ALWAYS_EMBED_SWIFT_STANDARD_LIBRARIES = YES;
				ASSETCATALOG_COMPILER_APPICON_NAME = AppIcon;
				ASSETCATALOG_COMPILER_GLOBAL_ACCENT_COLOR_NAME = AccentColor;
				CODE_SIGN_STYLE = Automatic;
				CURRENT_PROJECT_VERSION = 1;
				DEVELOPMENT_ASSET_PATHS = "\"keysCustomKeyboardChallenge/Resources/Preview Content\"";
				DEVELOPMENT_TEAM = QB3R75K3D3;
				ENABLE_PREVIEWS = YES;
				GENERATE_INFOPLIST_FILE = YES;
				INFOPLIST_KEY_UIApplicationSceneManifest_Generation = YES;
				INFOPLIST_KEY_UIApplicationSupportsIndirectInputEvents = YES;
				INFOPLIST_KEY_UILaunchScreen_Generation = YES;
				INFOPLIST_KEY_UISupportedInterfaceOrientations_iPad = "UIInterfaceOrientationPortrait UIInterfaceOrientationPortraitUpsideDown UIInterfaceOrientationLandscapeLeft UIInterfaceOrientationLandscapeRight";
				INFOPLIST_KEY_UISupportedInterfaceOrientations_iPhone = "UIInterfaceOrientationPortrait UIInterfaceOrientationLandscapeLeft UIInterfaceOrientationLandscapeRight";
				LD_RUNPATH_SEARCH_PATHS = (
					"$(inherited)",
					"@executable_path/Frameworks",
				);
				MARKETING_VERSION = 1.0;
				PRODUCT_BUNDLE_IDENTIFIER = com.jackkeys.keysCustomKeyboardChallenge;
				PRODUCT_NAME = "$(TARGET_NAME)";
				SWIFT_EMIT_LOC_STRINGS = YES;
				SWIFT_VERSION = 5.0;
				TARGETED_DEVICE_FAMILY = "1,2";
			};
			name = Release;
		};
		A3445BE4282B06EE00F25EBC /* Debug */ = {
			isa = XCBuildConfiguration;
			buildSettings = {
				CODE_SIGN_STYLE = Automatic;
				CURRENT_PROJECT_VERSION = 1;
				DEVELOPMENT_TEAM = QB3R75K3D3;
				GENERATE_INFOPLIST_FILE = YES;
				INFOPLIST_FILE = keysCustomKeyboardChallenge/Resources/Info.plist;
				INFOPLIST_KEY_CFBundleDisplayName = keyboard;
				INFOPLIST_KEY_NSHumanReadableCopyright = "";
				LD_RUNPATH_SEARCH_PATHS = (
					"$(inherited)",
					"@executable_path/Frameworks",
					"@executable_path/../../Frameworks",
				);
				MARKETING_VERSION = 1.0;
				PRODUCT_BUNDLE_IDENTIFIER = com.jackkeys.keysCustomKeyboardChallenge.keyboard;
				PRODUCT_NAME = "$(TARGET_NAME)";
				SKIP_INSTALL = YES;
				SWIFT_EMIT_LOC_STRINGS = YES;
				SWIFT_VERSION = 5.0;
				TARGETED_DEVICE_FAMILY = "1,2";
			};
			name = Debug;
		};
		A3445BE5282B06EE00F25EBC /* Release */ = {
			isa = XCBuildConfiguration;
			buildSettings = {
				CODE_SIGN_STYLE = Automatic;
				CURRENT_PROJECT_VERSION = 1;
				DEVELOPMENT_TEAM = QB3R75K3D3;
				GENERATE_INFOPLIST_FILE = YES;
				INFOPLIST_FILE = keysCustomKeyboardChallenge/Resources/Info.plist;
				INFOPLIST_KEY_CFBundleDisplayName = keyboard;
				INFOPLIST_KEY_NSHumanReadableCopyright = "";
				LD_RUNPATH_SEARCH_PATHS = (
					"$(inherited)",
					"@executable_path/Frameworks",
					"@executable_path/../../Frameworks",
				);
				MARKETING_VERSION = 1.0;
				PRODUCT_BUNDLE_IDENTIFIER = com.jackkeys.keysCustomKeyboardChallenge.keyboard;
				PRODUCT_NAME = "$(TARGET_NAME)";
				SKIP_INSTALL = YES;
				SWIFT_EMIT_LOC_STRINGS = YES;
				SWIFT_VERSION = 5.0;
				TARGETED_DEVICE_FAMILY = "1,2";
			};
			name = Release;
		};
/* End XCBuildConfiguration section */

/* Begin XCConfigurationList section */
		A3445BC128299E0200F25EBC /* Build configuration list for PBXProject "keysCustomKeyboardChallenge" */ = {
			isa = XCConfigurationList;
			buildConfigurations = (
				A3445BD228299E0500F25EBC /* Debug */,
				A3445BD328299E0500F25EBC /* Release */,
			);
			defaultConfigurationIsVisible = 0;
			defaultConfigurationName = Release;
		};
		A3445BD428299E0500F25EBC /* Build configuration list for PBXNativeTarget "keysCustomKeyboardChallenge" */ = {
			isa = XCConfigurationList;
			buildConfigurations = (
				A3445BD528299E0500F25EBC /* Debug */,
				A3445BD628299E0500F25EBC /* Release */,
			);
			defaultConfigurationIsVisible = 0;
			defaultConfigurationName = Release;
		};
		A3445BE3282B06EE00F25EBC /* Build configuration list for PBXNativeTarget "keyboard" */ = {
			isa = XCConfigurationList;
			buildConfigurations = (
				A3445BE4282B06EE00F25EBC /* Debug */,
				A3445BE5282B06EE00F25EBC /* Release */,
			);
			defaultConfigurationIsVisible = 0;
			defaultConfigurationName = Release;
		};
/* End XCConfigurationList section */
	};
	rootObject = A3445BBE28299E0200F25EBC /* Project object */;
}
